
Microsoft Visual Studio Solution File, Format Version 12.00
# Visual Studio 14
VisualStudioVersion = 14.0.25420.1
MinimumVisualStudioVersion = 10.0.40219.1
Project("{FAE04EC0-301F-11D3-BF4B-00C04F79EFBC}") = "GUI", "GUI\GUI.csproj", "{E7481E4F-D715-490F-8464-AAF0B90CEECC}"
EndProject
Project("{FAE04EC0-301F-11D3-BF4B-00C04F79EFBC}") = "DAL", "DAL\DAL.csproj", "{AF54A957-0BE3-42FF-A437-8FA919FF9282}"
EndProject
Project("{FAE04EC0-301F-11D3-BF4B-00C04F79EFBC}") = "DTO", "DTO\DTO.csproj", "{FB5359BF-E953-4CB7-B349-1923370037FC}"
EndProject
Project("{FAE04EC0-301F-11D3-BF4B-00C04F79EFBC}") = "BLL", "BLL\BLL.csproj", "{4CD2FE41-7971-466F-A3A8-E80D28743294}"
EndProject
Global
	GlobalSection(SolutionConfigurationPlatforms) = preSolution
		Debug|Any CPU = Debug|Any CPU
		Release|Any CPU = Release|Any CPU
	EndGlobalSection
	GlobalSection(ProjectConfigurationPlatforms) = postSolution
		{E7481E4F-D715-490F-8464-AAF0B90CEECC}.Debug|Any CPU.ActiveCfg = Debug|Any CPU
		{E7481E4F-D715-490F-8464-AAF0B90CEECC}.Debug|Any CPU.Build.0 = Debug|Any CPU
		{E7481E4F-D715-490F-8464-AAF0B90CEECC}.Release|Any CPU.ActiveCfg = Release|Any CPU
		{E7481E4F-D715-490F-8464-AAF0B90CEECC}.Release|Any CPU.Build.0 = Release|Any CPU
		{AF54A957-0BE3-42FF-A437-8FA919FF9282}.Debug|Any CPU.ActiveCfg = Debug|Any CPU
		{AF54A957-0BE3-42FF-A437-8FA919FF9282}.Debug|Any CPU.Build.0 = Debug|Any CPU
		{AF54A957-0BE3-42FF-A437-8FA919FF9282}.Release|Any CPU.ActiveCfg = Release|Any CPU
		{AF54A957-0BE3-42FF-A437-8FA919FF9282}.Release|Any CPU.Build.0 = Release|Any CPU
		{FB5359BF-E953-4CB7-B349-1923370037FC}.Debug|Any CPU.ActiveCfg = Debug|Any CPU
		{FB5359BF-E953-4CB7-B349-1923370037FC}.Debug|Any CPU.Build.0 = Debug|Any CPU
		{FB5359BF-E953-4CB7-B349-1923370037FC}.Release|Any CPU.ActiveCfg = Release|Any CPU
		{FB5359BF-E953-4CB7-B349-1923370037FC}.Release|Any CPU.Build.0 = Release|Any CPU
		{4CD2FE41-7971-466F-A3A8-E80D28743294}.Debug|Any CPU.ActiveCfg = Debug|Any CPU
		{4CD2FE41-7971-466F-A3A8-E80D28743294}.Debug|Any CPU.Build.0 = Debug|Any CPU
		{4CD2FE41-7971-466F-A3A8-E80D28743294}.Release|Any CPU.ActiveCfg = Release|Any CPU
		{4CD2FE41-7971-466F-A3A8-E80D28743294}.Release|Any CPU.Build.0 = Release|Any CPU
	EndGlobalSection
	GlobalSection(SolutionProperties) = preSolution
		HideSolutionNode = FALSE
	EndGlobalSection
EndGlobal
